// !$*UTF8*$!
{
	archiveVersion = 1;
	classes = {
	};
	objectVersion = 56;
	objects = {

/* Begin PBXBuildFile section */
		50EB87592BA0AEB900BC48B6 /* Pabita_FinalApp.swift in Sources */ = {isa = PBXBuildFile; fileRef = 50EB87582BA0AEB900BC48B6 /* Pabita_FinalApp.swift */; };
		50EB875D2BA0AEBB00BC48B6 /* Assets.xcassets in Resources */ = {isa = PBXBuildFile; fileRef = 50EB875C2BA0AEBB00BC48B6 /* Assets.xcassets */; };
		50EB87602BA0AEBB00BC48B6 /* Preview Assets.xcassets in Resources */ = {isa = PBXBuildFile; fileRef = 50EB875F2BA0AEBB00BC48B6 /* Preview Assets.xcassets */; };
		50EB87622BA0AEBB00BC48B6 /* Persistence.swift in Sources */ = {isa = PBXBuildFile; fileRef = 50EB87612BA0AEBB00BC48B6 /* Persistence.swift */; };
		50EB876D2BA0B5B200BC48B6 /* Restaurant.swift in Sources */ = {isa = PBXBuildFile; fileRef = 50EB876C2BA0B5B200BC48B6 /* Restaurant.swift */; };
		50EB87702BA0B5DF00BC48B6 /* HomeView.swift in Sources */ = {isa = PBXBuildFile; fileRef = 50EB876F2BA0B5DF00BC48B6 /* HomeView.swift */; };
		50EB87722BA0B60500BC48B6 /* RestaurantDetailsView.swift in Sources */ = {isa = PBXBuildFile; fileRef = 50EB87712BA0B60500BC48B6 /* RestaurantDetailsView.swift */; };
		50EB87782BA0BE5B00BC48B6 /* RestaurantMO.swift in Sources */ = {isa = PBXBuildFile; fileRef = 50EB87772BA0BE5B00BC48B6 /* RestaurantMO.swift */; };
		50EB87802BA0CB9300BC48B6 /* CoreDBHelper.swift in Sources */ = {isa = PBXBuildFile; fileRef = 50EB877F2BA0CB9300BC48B6 /* CoreDBHelper.swift */; };
		50EB87832BA0CBF900BC48B6 /* RestaurantModel.xcdatamodeld in Sources */ = {isa = PBXBuildFile; fileRef = 50EB87812BA0CBF900BC48B6 /* RestaurantModel.xcdatamodeld */; };
		50EB87852BA0E80900BC48B6 /* MapView.swift in Sources */ = {isa = PBXBuildFile; fileRef = 50EB87842BA0E80900BC48B6 /* MapView.swift */; };
		50EB87872BA0E9AD00BC48B6 /* LocationHelper.swift in Sources */ = {isa = PBXBuildFile; fileRef = 50EB87862BA0E9AD00BC48B6 /* LocationHelper.swift */; };
/* End PBXBuildFile section */

/* Begin PBXFileReference section */
		50EB87552BA0AEB900BC48B6 /* Pabita_Final.app */ = {isa = PBXFileReference; explicitFileType = wrapper.application; includeInIndex = 0; path = Pabita_Final.app; sourceTree = BUILT_PRODUCTS_DIR; };
		50EB87582BA0AEB900BC48B6 /* Pabita_FinalApp.swift */ = {isa = PBXFileReference; lastKnownFileType = sourcecode.swift; path = Pabita_FinalApp.swift; sourceTree = "<group>"; };
		50EB875C2BA0AEBB00BC48B6 /* Assets.xcassets */ = {isa = PBXFileReference; lastKnownFileType = folder.assetcatalog; path = Assets.xcassets; sourceTree = "<group>"; };
		50EB875F2BA0AEBB00BC48B6 /* Preview Assets.xcassets */ = {isa = PBXFileReference; lastKnownFileType = folder.assetcatalog; path = "Preview Assets.xcassets"; sourceTree = "<group>"; };
		50EB87612BA0AEBB00BC48B6 /* Persistence.swift */ = {isa = PBXFileReference; lastKnownFileType = sourcecode.swift; path = Persistence.swift; sourceTree = "<group>"; };
		50EB876C2BA0B5B200BC48B6 /* Restaurant.swift */ = {isa = PBXFileReference; lastKnownFileType = sourcecode.swift; path = Restaurant.swift; sourceTree = "<group>"; };
		50EB876F2BA0B5DF00BC48B6 /* HomeView.swift */ = {isa = PBXFileReference; lastKnownFileType = sourcecode.swift; path = HomeView.swift; sourceTree = "<group>"; };
		50EB87712BA0B60500BC48B6 /* RestaurantDetailsView.swift */ = {isa = PBXFileReference; lastKnownFileType = sourcecode.swift; path = RestaurantDetailsView.swift; sourceTree = "<group>"; };
		50EB87772BA0BE5B00BC48B6 /* RestaurantMO.swift */ = {isa = PBXFileReference; lastKnownFileType = sourcecode.swift; path = RestaurantMO.swift; sourceTree = "<group>"; };
		50EB877F2BA0CB9300BC48B6 /* CoreDBHelper.swift */ = {isa = PBXFileReference; lastKnownFileType = sourcecode.swift; path = CoreDBHelper.swift; sourceTree = "<group>"; };
		50EB87822BA0CBF900BC48B6 /* RestaurantModel.xcdatamodel */ = {isa = PBXFileReference; lastKnownFileType = wrapper.xcdatamodel; path = RestaurantModel.xcdatamodel; sourceTree = "<group>"; };
		50EB87842BA0E80900BC48B6 /* MapView.swift */ = {isa = PBXFileReference; lastKnownFileType = sourcecode.swift; path = MapView.swift; sourceTree = "<group>"; };
		50EB87862BA0E9AD00BC48B6 /* LocationHelper.swift */ = {isa = PBXFileReference; lastKnownFileType = sourcecode.swift; path = LocationHelper.swift; sourceTree = "<group>"; };
/* End PBXFileReference section */

/* Begin PBXFrameworksBuildPhase section */
		50EB87522BA0AEB900BC48B6 /* Frameworks */ = {
			isa = PBXFrameworksBuildPhase;
			buildActionMask = 2147483647;
			files = (
			);
			runOnlyForDeploymentPostprocessing = 0;
		};
/* End PBXFrameworksBuildPhase section */

/* Begin PBXGroup section */
		50EB874C2BA0AEB900BC48B6 = {
			isa = PBXGroup;
			children = (
				50EB87572BA0AEB900BC48B6 /* Pabita_Final */,
				50EB87562BA0AEB900BC48B6 /* Products */,
			);
			sourceTree = "<group>";
		};
		50EB87562BA0AEB900BC48B6 /* Products */ = {
			isa = PBXGroup;
			children = (
				50EB87552BA0AEB900BC48B6 /* Pabita_Final.app */,
			);
			name = Products;
			sourceTree = "<group>";
		};
		50EB87572BA0AEB900BC48B6 /* Pabita_Final */ = {
			isa = PBXGroup;
			children = (
				50EB877C2BA0C3E400BC48B6 /* Controllers */,
				50EB876E2BA0B5BC00BC48B6 /* Views */,
				50EB876B2BA0B5A000BC48B6 /* Models */,
				50EB87582BA0AEB900BC48B6 /* Pabita_FinalApp.swift */,
				50EB875C2BA0AEBB00BC48B6 /* Assets.xcassets */,
				50EB875E2BA0AEBB00BC48B6 /* Preview Content */,
				50EB87812BA0CBF900BC48B6 /* RestaurantModel.xcdatamodeld */,
			);
			path = Pabita_Final;
			sourceTree = "<group>";
		};
		50EB875E2BA0AEBB00BC48B6 /* Preview Content */ = {
			isa = PBXGroup;
			children = (
				50EB875F2BA0AEBB00BC48B6 /* Preview Assets.xcassets */,
			);
			path = "Preview Content";
			sourceTree = "<group>";
		};
		50EB876B2BA0B5A000BC48B6 /* Models */ = {
			isa = PBXGroup;
			children = (
				50EB876C2BA0B5B200BC48B6 /* Restaurant.swift */,
				50EB87772BA0BE5B00BC48B6 /* RestaurantMO.swift */,
			);
			path = Models;
			sourceTree = "<group>";
		};
		50EB876E2BA0B5BC00BC48B6 /* Views */ = {
			isa = PBXGroup;
			children = (
				50EB876F2BA0B5DF00BC48B6 /* HomeView.swift */,
				50EB87712BA0B60500BC48B6 /* RestaurantDetailsView.swift */,
				50EB87842BA0E80900BC48B6 /* MapView.swift */,
			);
			path = Views;
			sourceTree = "<group>";
		};
		50EB877C2BA0C3E400BC48B6 /* Controllers */ = {
			isa = PBXGroup;
			children = (
				50EB87612BA0AEBB00BC48B6 /* Persistence.swift */,
				50EB877F2BA0CB9300BC48B6 /* CoreDBHelper.swift */,
				50EB87862BA0E9AD00BC48B6 /* LocationHelper.swift */,
			);
			path = Controllers;
			sourceTree = "<group>";
		};
/* End PBXGroup section */

/* Begin PBXNativeTarget section */
		50EB87542BA0AEB900BC48B6 /* Pabita_Final */ = {
			isa = PBXNativeTarget;
			buildConfigurationList = 50EB87682BA0AEBB00BC48B6 /* Build configuration list for PBXNativeTarget "Pabita_Final" */;
			buildPhases = (
				50EB87512BA0AEB900BC48B6 /* Sources */,
				50EB87522BA0AEB900BC48B6 /* Frameworks */,
				50EB87532BA0AEB900BC48B6 /* Resources */,
			);
			buildRules = (
			);
			dependencies = (
			);
			name = Pabita_Final;
			productName = Pabita_Final;
			productReference = 50EB87552BA0AEB900BC48B6 /* Pabita_Final.app */;
			productType = "com.apple.product-type.application";
		};
/* End PBXNativeTarget section */

/* Begin PBXProject section */
		50EB874D2BA0AEB900BC48B6 /* Project object */ = {
			isa = PBXProject;
			attributes = {
				BuildIndependentTargetsInParallel = 1;
				LastSwiftUpdateCheck = 1510;
				LastUpgradeCheck = 1510;
				TargetAttributes = {
					50EB87542BA0AEB900BC48B6 = {
						CreatedOnToolsVersion = 15.1;
					};
				};
			};
			buildConfigurationList = 50EB87502BA0AEB900BC48B6 /* Build configuration list for PBXProject "Pabita_Final" */;
			compatibilityVersion = "Xcode 14.0";
			developmentRegion = en;
			hasScannedForEncodings = 0;
			knownRegions = (
				en,
				Base,
			);
			mainGroup = 50EB874C2BA0AEB900BC48B6;
			productRefGroup = 50EB87562BA0AEB900BC48B6 /* Products */;
			projectDirPath = "";
			projectRoot = "";
			targets = (
				50EB87542BA0AEB900BC48B6 /* Pabita_Final */,
			);
		};
/* End PBXProject section */

/* Begin PBXResourcesBuildPhase section */
		50EB87532BA0AEB900BC48B6 /* Resources */ = {
			isa = PBXResourcesBuildPhase;
			buildActionMask = 2147483647;
			files = (
				50EB87602BA0AEBB00BC48B6 /* Preview Assets.xcassets in Resources */,
				50EB875D2BA0AEBB00BC48B6 /* Assets.xcassets in Resources */,
			);
			runOnlyForDeploymentPostprocessing = 0;
		};
/* End PBXResourcesBuildPhase section */

/* Begin PBXSourcesBuildPhase section */
		50EB87512BA0AEB900BC48B6 /* Sources */ = {
			isa = PBXSourcesBuildPhase;
			buildActionMask = 2147483647;
			files = (
				50EB876D2BA0B5B200BC48B6 /* Restaurant.swift in Sources */,
				50EB87622BA0AEBB00BC48B6 /* Persistence.swift in Sources */,
				50EB87832BA0CBF900BC48B6 /* RestaurantModel.xcdatamodeld in Sources */,
				50EB87722BA0B60500BC48B6 /* RestaurantDetailsView.swift in Sources */,
				50EB87872BA0E9AD00BC48B6 /* LocationHelper.swift in Sources */,
				50EB87782BA0BE5B00BC48B6 /* RestaurantMO.swift in Sources */,
				50EB87802BA0CB9300BC48B6 /* CoreDBHelper.swift in Sources */,
				50EB87702BA0B5DF00BC48B6 /* HomeView.swift in Sources */,
				50EB87852BA0E80900BC48B6 /* MapView.swift in Sources */,
				50EB87592BA0AEB900BC48B6 /* Pabita_FinalApp.swift in Sources */,
			);
			runOnlyForDeploymentPostprocessing = 0;
		};
/* End PBXSourcesBuildPhase section */

/* Begin XCBuildConfiguration section */
		50EB87662BA0AEBB00BC48B6 /* Debug */ = {
			isa = XCBuildConfiguration;
			buildSettings = {
				ALWAYS_SEARCH_USER_PATHS = NO;
				ASSETCATALOG_COMPILER_GENERATE_SWIFT_ASSET_SYMBOL_EXTENSIONS = YES;
				CLANG_ANALYZER_NONNULL = YES;
				CLANG_ANALYZER_NUMBER_OBJECT_CONVERSION = YES_AGGRESSIVE;
				CLANG_CXX_LANGUAGE_STANDARD = "gnu++20";
				CLANG_ENABLE_MODULES = YES;
				CLANG_ENABLE_OBJC_ARC = YES;
				CLANG_ENABLE_OBJC_WEAK = YES;
				CLANG_WARN_BLOCK_CAPTURE_AUTORELEASING = YES;
				CLANG_WARN_BOOL_CONVERSION = YES;
				CLANG_WARN_COMMA = YES;
				CLANG_WARN_CONSTANT_CONVERSION = YES;
				CLANG_WARN_DEPRECATED_OBJC_IMPLEMENTATIONS = YES;
				CLANG_WARN_DIRECT_OBJC_ISA_USAGE = YES_ERROR;
				CLANG_WARN_DOCUMENTATION_COMMENTS = YES;
				CLANG_WARN_EMPTY_BODY = YES;
				CLANG_WARN_ENUM_CONVERSION = YES;
				CLANG_WARN_INFINITE_RECURSION = YES;
				CLANG_WARN_INT_CONVERSION = YES;
				CLANG_WARN_NON_LITERAL_NULL_CONVERSION = YES;
				CLANG_WARN_OBJC_IMPLICIT_RETAIN_SELF = YES;
				CLANG_WARN_OBJC_LITERAL_CONVERSION = YES;
				CLANG_WARN_OBJC_ROOT_CLASS = YES_ERROR;
				CLANG_WARN_QUOTED_INCLUDE_IN_FRAMEWORK_HEADER = YES;
				CLANG_WARN_RANGE_LOOP_ANALYSIS = YES;
				CLANG_WARN_STRICT_PROTOTYPES = YES;
				CLANG_WARN_SUSPICIOUS_MOVE = YES;
				CLANG_WARN_UNGUARDED_AVAILABILITY = YES_AGGRESSIVE;
				CLANG_WARN_UNREACHABLE_CODE = YES;
				CLANG_WARN__DUPLICATE_METHOD_MATCH = YES;
				COPY_PHASE_STRIP = NO;
				DEBUG_INFORMATION_FORMAT = dwarf;
				ENABLE_STRICT_OBJC_MSGSEND = YES;
				ENABLE_TESTABILITY = YES;
				ENABLE_USER_SCRIPT_SANDBOXING = YES;
				GCC_C_LANGUAGE_STANDARD = gnu17;
				GCC_DYNAMIC_NO_PIC = NO;
				GCC_NO_COMMON_BLOCKS = YES;
				GCC_OPTIMIZATION_LEVEL = 0;
				GCC_PREPROCESSOR_DEFINITIONS = (
					"DEBUG=1",
					"$(inherited)",
				);
				GCC_WARN_64_TO_32_BIT_CONVERSION = YES;
				GCC_WARN_ABOUT_RETURN_TYPE = YES_ERROR;
				GCC_WARN_UNDECLARED_SELECTOR = YES;
				GCC_WARN_UNINITIALIZED_AUTOS = YES_AGGRESSIVE;
				GCC_WARN_UNUSED_FUNCTION = YES;
				GCC_WARN_UNUSED_VARIABLE = YES;
				IPHONEOS_DEPLOYMENT_TARGET = 17.2;
				LOCALIZATION_PREFERS_STRING_CATALOGS = YES;
				MTL_ENABLE_DEBUG_INFO = INCLUDE_SOURCE;
				MTL_FAST_MATH = YES;
				ONLY_ACTIVE_ARCH = YES;
				SDKROOT = iphoneos;
				SWIFT_ACTIVE_COMPILATION_CONDITIONS = "DEBUG $(inherited)";
				SWIFT_OPTIMIZATION_LEVEL = "-Onone";
			};
			name = Debug;
		};
		50EB87672BA0AEBB00BC48B6 /* Release */ = {
			isa = XCBuildConfiguration;
			buildSettings = {
				ALWAYS_SEARCH_USER_PATHS = NO;
				ASSETCATALOG_COMPILER_GENERATE_SWIFT_ASSET_SYMBOL_EXTENSIONS = YES;
				CLANG_ANALYZER_NONNULL = YES;
				CLANG_ANALYZER_NUMBER_OBJECT_CONVERSION = YES_AGGRESSIVE;
				CLANG_CXX_LANGUAGE_STANDARD = "gnu++20";
				CLANG_ENABLE_MODULES = YES;
				CLANG_ENABLE_OBJC_ARC = YES;
				CLANG_ENABLE_OBJC_WEAK = YES;
				CLANG_WARN_BLOCK_CAPTURE_AUTORELEASING = YES;
				CLANG_WARN_BOOL_CONVERSION = YES;
				CLANG_WARN_COMMA = YES;
				CLANG_WARN_CONSTANT_CONVERSION = YES;
				CLANG_WARN_DEPRECATED_OBJC_IMPLEMENTATIONS = YES;
				CLANG_WARN_DIRECT_OBJC_ISA_USAGE = YES_ERROR;
				CLANG_WARN_DOCUMENTATION_COMMENTS = YES;
				CLANG_WARN_EMPTY_BODY = YES;
				CLANG_WARN_ENUM_CONVERSION = YES;
				CLANG_WARN_INFINITE_RECURSION = YES;
				CLANG_WARN_INT_CONVERSION = YES;
				CLANG_WARN_NON_LITERAL_NULL_CONVERSION = YES;
				CLANG_WARN_OBJC_IMPLICIT_RETAIN_SELF = YES;
				CLANG_WARN_OBJC_LITERAL_CONVERSION = YES;
				CLANG_WARN_OBJC_ROOT_CLASS = YES_ERROR;
				CLANG_WARN_QUOTED_INCLUDE_IN_FRAMEWORK_HEADER = YES;
				CLANG_WARN_RANGE_LOOP_ANALYSIS = YES;
				CLANG_WARN_STRICT_PROTOTYPES = YES;
				CLANG_WARN_SUSPICIOUS_MOVE = YES;
				CLANG_WARN_UNGUARDED_AVAILABILITY = YES_AGGRESSIVE;
				CLANG_WARN_UNREACHABLE_CODE = YES;
				CLANG_WARN__DUPLICATE_METHOD_MATCH = YES;
				COPY_PHASE_STRIP = NO;
				DEBUG_INFORMATION_FORMAT = "dwarf-with-dsym";
				ENABLE_NS_ASSERTIONS = NO;
				ENABLE_STRICT_OBJC_MSGSEND = YES;
				ENABLE_USER_SCRIPT_SANDBOXING = YES;
				GCC_C_LANGUAGE_STANDARD = gnu17;
				GCC_NO_COMMON_BLOCKS = YES;
				GCC_WARN_64_TO_32_BIT_CONVERSION = YES;
				GCC_WARN_ABOUT_RETURN_TYPE = YES_ERROR;
				GCC_WARN_UNDECLARED_SELECTOR = YES;
				GCC_WARN_UNINITIALIZED_AUTOS = YES_AGGRESSIVE;
				GCC_WARN_UNUSED_FUNCTION = YES;
				GCC_WARN_UNUSED_VARIABLE = YES;
				IPHONEOS_DEPLOYMENT_TARGET = 17.2;
				LOCALIZATION_PREFERS_STRING_CATALOGS = YES;
				MTL_ENABLE_DEBUG_INFO = NO;
				MTL_FAST_MATH = YES;
				SDKROOT = iphoneos;
				SWIFT_COMPILATION_MODE = wholemodule;
				VALIDATE_PRODUCT = YES;
			};
			name = Release;
		};
		50EB87692BA0AEBB00BC48B6 /* Debug */ = {
			isa = XCBuildConfiguration;
			buildSettings = {
				ASSETCATALOG_COMPILER_APPICON_NAME = AppIcon;
				ASSETCATALOG_COMPILER_GLOBAL_ACCENT_COLOR_NAME = AccentColor;
				CODE_SIGN_STYLE = Automatic;
				CURRENT_PROJECT_VERSION = 1;
				DEVELOPMENT_ASSET_PATHS = "\"Pabita_Final/Preview Content\"";
				DEVELOPMENT_TEAM = 827JZHP663;
				ENABLE_PREVIEWS = YES;
				GENERATE_INFOPLIST_FILE = YES;
				INFOPLIST_KEY_UIApplicationSceneManifest_Generation = YES;
				INFOPLIST_KEY_UIApplicationSupportsIndirectInputEvents = YES;
				INFOPLIST_KEY_UILaunchScreen_Generation = YES;
				INFOPLIST_KEY_UISupportedInterfaceOrientations_iPad = "UIInterfaceOrientationPortrait UIInterfaceOrientationPortraitUpsideDown UIInterfaceOrientationLandscapeLeft UIInterfaceOrientationLandscapeRight";
				INFOPLIST_KEY_UISupportedInterfaceOrientations_iPhone = "UIInterfaceOrientationPortrait UIInterfaceOrientationLandscapeLeft UIInterfaceOrientationLandscapeRight";
				LD_RUNPATH_SEARCH_PATHS = (
					"$(inherited)",
					"@executable_path/Frameworks",
				);
				MARKETING_VERSION = 1.0;
				PRODUCT_BUNDLE_IDENTIFIER = "com.gbc.Pabita-Final";
				PRODUCT_NAME = "$(TARGET_NAME)";
				SWIFT_EMIT_LOC_STRINGS = YES;
				SWIFT_VERSION = 5.0;
				TARGETED_DEVICE_FAMILY = "1,2";
			};
			name = Debug;
		};
		50EB876A2BA0AEBB00BC48B6 /* Release */ = {
			isa = XCBuildConfiguration;
			buildSettings = {
				ASSETCATALOG_COMPILER_APPICON_NAME = AppIcon;
				ASSETCATALOG_COMPILER_GLOBAL_ACCENT_COLOR_NAME = AccentColor;
				CODE_SIGN_STYLE = Automatic;
				CURRENT_PROJECT_VERSION = 1;
				DEVELOPMENT_ASSET_PATHS = "\"Pabita_Final/Preview Content\"";
				DEVELOPMENT_TEAM = 827JZHP663;
				ENABLE_PREVIEWS = YES;
				GENERATE_INFOPLIST_FILE = YES;
				INFOPLIST_KEY_UIApplicationSceneManifest_Generation = YES;
				INFOPLIST_KEY_UIApplicationSupportsIndirectInputEvents = YES;
				INFOPLIST_KEY_UILaunchScreen_Generation = YES;
				INFOPLIST_KEY_UISupportedInterfaceOrientations_iPad = "UIInterfaceOrientationPortrait UIInterfaceOrientationPortraitUpsideDown UIInterfaceOrientationLandscapeLeft UIInterfaceOrientationLandscapeRight";
				INFOPLIST_KEY_UISupportedInterfaceOrientations_iPhone = "UIInterfaceOrientationPortrait UIInterfaceOrientationLandscapeLeft UIInterfaceOrientationLandscapeRight";
				LD_RUNPATH_SEARCH_PATHS = (
					"$(inherited)",
					"@executable_path/Frameworks",
				);
				MARKETING_VERSION = 1.0;
				PRODUCT_BUNDLE_IDENTIFIER = "com.gbc.Pabita-Final";
				PRODUCT_NAME = "$(TARGET_NAME)";
				SWIFT_EMIT_LOC_STRINGS = YES;
				SWIFT_VERSION = 5.0;
				TARGETED_DEVICE_FAMILY = "1,2";
			};
			name = Release;
		};
/* End XCBuildConfiguration section */

/* Begin XCConfigurationList section */
		50EB87502BA0AEB900BC48B6 /* Build configuration list for PBXProject "Pabita_Final" */ = {
			isa = XCConfigurationList;
			buildConfigurations = (
				50EB87662BA0AEBB00BC48B6 /* Debug */,
				50EB87672BA0AEBB00BC48B6 /* Release */,
			);
			defaultConfigurationIsVisible = 0;
			defaultConfigurationName = Release;
		};
		50EB87682BA0AEBB00BC48B6 /* Build configuration list for PBXNativeTarget "Pabita_Final" */ = {
			isa = XCConfigurationList;
			buildConfigurations = (
				50EB87692BA0AEBB00BC48B6 /* Debug */,
				50EB876A2BA0AEBB00BC48B6 /* Release */,
			);
			defaultConfigurationIsVisible = 0;
			defaultConfigurationName = Release;
		};
/* End XCConfigurationList section */

/* Begin XCVersionGroup section */
		50EB87812BA0CBF900BC48B6 /* RestaurantModel.xcdatamodeld */ = {
			isa = XCVersionGroup;
			children = (
				50EB87822BA0CBF900BC48B6 /* RestaurantModel.xcdatamodel */,
			);
			currentVersion = 50EB87822BA0CBF900BC48B6 /* RestaurantModel.xcdatamodel */;
			path = RestaurantModel.xcdatamodeld;
			sourceTree = "<group>";
			versionGroupType = wrapper.xcdatamodel;
		};
/* End XCVersionGroup section */
	};
	rootObject = 50EB874D2BA0AEB900BC48B6 /* Project object */;
}
