// !$*UTF8*$!
{
	archiveVersion = 1;
	classes = {
	};
	objectVersion = 56;
	objects = {

/* Begin PBXBuildFile section */
		5016B1A22B8567E5008C38EA /* Session01_APIApp.swift in Sources */ = {isa = PBXBuildFile; fileRef = 5016B1A12B8567E5008C38EA /* Session01_APIApp.swift */; };
		5016B1A42B8567E5008C38EA /* ContentView.swift in Sources */ = {isa = PBXBuildFile; fileRef = 5016B1A32B8567E5008C38EA /* ContentView.swift */; };
		5016B1A62B8567E6008C38EA /* Assets.xcassets in Resources */ = {isa = PBXBuildFile; fileRef = 5016B1A52B8567E6008C38EA /* Assets.xcassets */; };
		5016B1A92B8567E6008C38EA /* Preview Assets.xcassets in Resources */ = {isa = PBXBuildFile; fileRef = 5016B1A82B8567E6008C38EA /* Preview Assets.xcassets */; };
		5016B1B32B8567E6008C38EA /* Session01_APITests.swift in Sources */ = {isa = PBXBuildFile; fileRef = 5016B1B22B8567E6008C38EA /* Session01_APITests.swift */; };
		5016B1BD2B8567E6008C38EA /* Session01_APIUITests.swift in Sources */ = {isa = PBXBuildFile; fileRef = 5016B1BC2B8567E6008C38EA /* Session01_APIUITests.swift */; };
		5016B1BF2B8567E6008C38EA /* Session01_APIUITestsLaunchTests.swift in Sources */ = {isa = PBXBuildFile; fileRef = 5016B1BE2B8567E6008C38EA /* Session01_APIUITestsLaunchTests.swift */; };
		5016B1CD2B8571EC008C38EA /* Digimon.swift in Sources */ = {isa = PBXBuildFile; fileRef = 5016B1CC2B8571EC008C38EA /* Digimon.swift */; };
		5016B1D72B858173008C38EA /* UserView.swift in Sources */ = {isa = PBXBuildFile; fileRef = 5016B1D62B858173008C38EA /* UserView.swift */; };
		5016B1D92B8582B4008C38EA /* UserResponse.swift in Sources */ = {isa = PBXBuildFile; fileRef = 5016B1D82B8582B4008C38EA /* UserResponse.swift */; };
/* End PBXBuildFile section */

/* Begin PBXContainerItemProxy section */
		5016B1AF2B8567E6008C38EA /* PBXContainerItemProxy */ = {
			isa = PBXContainerItemProxy;
			containerPortal = 5016B1962B8567E5008C38EA /* Project object */;
			proxyType = 1;
			remoteGlobalIDString = 5016B19D2B8567E5008C38EA;
			remoteInfo = Session01_API;
		};
		5016B1B92B8567E6008C38EA /* PBXContainerItemProxy */ = {
			isa = PBXContainerItemProxy;
			containerPortal = 5016B1962B8567E5008C38EA /* Project object */;
			proxyType = 1;
			remoteGlobalIDString = 5016B19D2B8567E5008C38EA;
			remoteInfo = Session01_API;
		};
/* End PBXContainerItemProxy section */

/* Begin PBXFileReference section */
		5016B19E2B8567E5008C38EA /* Session01_API.app */ = {isa = PBXFileReference; explicitFileType = wrapper.application; includeInIndex = 0; path = Session01_API.app; sourceTree = BUILT_PRODUCTS_DIR; };
		5016B1A12B8567E5008C38EA /* Session01_APIApp.swift */ = {isa = PBXFileReference; lastKnownFileType = sourcecode.swift; path = Session01_APIApp.swift; sourceTree = "<group>"; };
		5016B1A32B8567E5008C38EA /* ContentView.swift */ = {isa = PBXFileReference; lastKnownFileType = sourcecode.swift; path = ContentView.swift; sourceTree = "<group>"; };
		5016B1A52B8567E6008C38EA /* Assets.xcassets */ = {isa = PBXFileReference; lastKnownFileType = folder.assetcatalog; path = Assets.xcassets; sourceTree = "<group>"; };
		5016B1A82B8567E6008C38EA /* Preview Assets.xcassets */ = {isa = PBXFileReference; lastKnownFileType = folder.assetcatalog; path = "Preview Assets.xcassets"; sourceTree = "<group>"; };
		5016B1AE2B8567E6008C38EA /* Session01_APITests.xctest */ = {isa = PBXFileReference; explicitFileType = wrapper.cfbundle; includeInIndex = 0; path = Session01_APITests.xctest; sourceTree = BUILT_PRODUCTS_DIR; };
		5016B1B22B8567E6008C38EA /* Session01_APITests.swift */ = {isa = PBXFileReference; lastKnownFileType = sourcecode.swift; path = Session01_APITests.swift; sourceTree = "<group>"; };
		5016B1B82B8567E6008C38EA /* Session01_APIUITests.xctest */ = {isa = PBXFileReference; explicitFileType = wrapper.cfbundle; includeInIndex = 0; path = Session01_APIUITests.xctest; sourceTree = BUILT_PRODUCTS_DIR; };
		5016B1BC2B8567E6008C38EA /* Session01_APIUITests.swift */ = {isa = PBXFileReference; lastKnownFileType = sourcecode.swift; path = Session01_APIUITests.swift; sourceTree = "<group>"; };
		5016B1BE2B8567E6008C38EA /* Session01_APIUITestsLaunchTests.swift */ = {isa = PBXFileReference; lastKnownFileType = sourcecode.swift; path = Session01_APIUITestsLaunchTests.swift; sourceTree = "<group>"; };
		5016B1CC2B8571EC008C38EA /* Digimon.swift */ = {isa = PBXFileReference; lastKnownFileType = sourcecode.swift; path = Digimon.swift; sourceTree = "<group>"; };
		5016B1D62B858173008C38EA /* UserView.swift */ = {isa = PBXFileReference; lastKnownFileType = sourcecode.swift; path = UserView.swift; sourceTree = "<group>"; };
		5016B1D82B8582B4008C38EA /* UserResponse.swift */ = {isa = PBXFileReference; lastKnownFileType = sourcecode.swift; path = UserResponse.swift; sourceTree = "<group>"; };
/* End PBXFileReference section */

/* Begin PBXFrameworksBuildPhase section */
		5016B19B2B8567E5008C38EA /* Frameworks */ = {
			isa = PBXFrameworksBuildPhase;
			buildActionMask = 2147483647;
			files = (
			);
			runOnlyForDeploymentPostprocessing = 0;
		};
		5016B1AB2B8567E6008C38EA /* Frameworks */ = {
			isa = PBXFrameworksBuildPhase;
			buildActionMask = 2147483647;
			files = (
			);
			runOnlyForDeploymentPostprocessing = 0;
		};
		5016B1B52B8567E6008C38EA /* Frameworks */ = {
			isa = PBXFrameworksBuildPhase;
			buildActionMask = 2147483647;
			files = (
			);
			runOnlyForDeploymentPostprocessing = 0;
		};
/* End PBXFrameworksBuildPhase section */

/* Begin PBXGroup section */
		5016B1952B8567E5008C38EA = {
			isa = PBXGroup;
			children = (
				5016B1A02B8567E5008C38EA /* Session01_API */,
				5016B1B12B8567E6008C38EA /* Session01_APITests */,
				5016B1BB2B8567E6008C38EA /* Session01_APIUITests */,
				5016B19F2B8567E5008C38EA /* Products */,
			);
			sourceTree = "<group>";
		};
		5016B19F2B8567E5008C38EA /* Products */ = {
			isa = PBXGroup;
			children = (
				5016B19E2B8567E5008C38EA /* Session01_API.app */,
				5016B1AE2B8567E6008C38EA /* Session01_APITests.xctest */,
				5016B1B82B8567E6008C38EA /* Session01_APIUITests.xctest */,
			);
			name = Products;
			sourceTree = "<group>";
		};
		5016B1A02B8567E5008C38EA /* Session01_API */ = {
			isa = PBXGroup;
			children = (
				5016B1CB2B8571D1008C38EA /* Model */,
				5016B1A12B8567E5008C38EA /* Session01_APIApp.swift */,
				5016B1A32B8567E5008C38EA /* ContentView.swift */,
				5016B1A52B8567E6008C38EA /* Assets.xcassets */,
				5016B1A72B8567E6008C38EA /* Preview Content */,
				5016B1D62B858173008C38EA /* UserView.swift */,
			);
			path = Session01_API;
			sourceTree = "<group>";
		};
		5016B1A72B8567E6008C38EA /* Preview Content */ = {
			isa = PBXGroup;
			children = (
				5016B1A82B8567E6008C38EA /* Preview Assets.xcassets */,
			);
			path = "Preview Content";
			sourceTree = "<group>";
		};
		5016B1B12B8567E6008C38EA /* Session01_APITests */ = {
			isa = PBXGroup;
			children = (
				5016B1B22B8567E6008C38EA /* Session01_APITests.swift */,
			);
			path = Session01_APITests;
			sourceTree = "<group>";
		};
		5016B1BB2B8567E6008C38EA /* Session01_APIUITests */ = {
			isa = PBXGroup;
			children = (
				5016B1BC2B8567E6008C38EA /* Session01_APIUITests.swift */,
				5016B1BE2B8567E6008C38EA /* Session01_APIUITestsLaunchTests.swift */,
			);
			path = Session01_APIUITests;
			sourceTree = "<group>";
		};
		5016B1CB2B8571D1008C38EA /* Model */ = {
			isa = PBXGroup;
			children = (
				5016B1CC2B8571EC008C38EA /* Digimon.swift */,
				5016B1D82B8582B4008C38EA /* UserResponse.swift */,
			);
			path = Model;
			sourceTree = "<group>";
		};
/* End PBXGroup section */

/* Begin PBXNativeTarget section */
		5016B19D2B8567E5008C38EA /* Session01_API */ = {
			isa = PBXNativeTarget;
			buildConfigurationList = 5016B1C22B8567E6008C38EA /* Build configuration list for PBXNativeTarget "Session01_API" */;
			buildPhases = (
				5016B19A2B8567E5008C38EA /* Sources */,
				5016B19B2B8567E5008C38EA /* Frameworks */,
				5016B19C2B8567E5008C38EA /* Resources */,
			);
			buildRules = (
			);
			dependencies = (
			);
			name = Session01_API;
			productName = Session01_API;
			productReference = 5016B19E2B8567E5008C38EA /* Session01_API.app */;
			productType = "com.apple.product-type.application";
		};
		5016B1AD2B8567E6008C38EA /* Session01_APITests */ = {
			isa = PBXNativeTarget;
			buildConfigurationList = 5016B1C52B8567E6008C38EA /* Build configuration list for PBXNativeTarget "Session01_APITests" */;
			buildPhases = (
				5016B1AA2B8567E6008C38EA /* Sources */,
				5016B1AB2B8567E6008C38EA /* Frameworks */,
				5016B1AC2B8567E6008C38EA /* Resources */,
			);
			buildRules = (
			);
			dependencies = (
				5016B1B02B8567E6008C38EA /* PBXTargetDependency */,
			);
			name = Session01_APITests;
			productName = Session01_APITests;
			productReference = 5016B1AE2B8567E6008C38EA /* Session01_APITests.xctest */;
			productType = "com.apple.product-type.bundle.unit-test";
		};
		5016B1B72B8567E6008C38EA /* Session01_APIUITests */ = {
			isa = PBXNativeTarget;
			buildConfigurationList = 5016B1C82B8567E6008C38EA /* Build configuration list for PBXNativeTarget "Session01_APIUITests" */;
			buildPhases = (
				5016B1B42B8567E6008C38EA /* Sources */,
				5016B1B52B8567E6008C38EA /* Frameworks */,
				5016B1B62B8567E6008C38EA /* Resources */,
			);
			buildRules = (
			);
			dependencies = (
				5016B1BA2B8567E6008C38EA /* PBXTargetDependency */,
			);
			name = Session01_APIUITests;
			productName = Session01_APIUITests;
			productReference = 5016B1B82B8567E6008C38EA /* Session01_APIUITests.xctest */;
			productType = "com.apple.product-type.bundle.ui-testing";
		};
/* End PBXNativeTarget section */

/* Begin PBXProject section */
		5016B1962B8567E5008C38EA /* Project object */ = {
			isa = PBXProject;
			attributes = {
				BuildIndependentTargetsInParallel = 1;
				LastSwiftUpdateCheck = 1510;
				LastUpgradeCheck = 1510;
				TargetAttributes = {
					5016B19D2B8567E5008C38EA = {
						CreatedOnToolsVersion = 15.1;
					};
					5016B1AD2B8567E6008C38EA = {
						CreatedOnToolsVersion = 15.1;
						TestTargetID = 5016B19D2B8567E5008C38EA;
					};
					5016B1B72B8567E6008C38EA = {
						CreatedOnToolsVersion = 15.1;
						TestTargetID = 5016B19D2B8567E5008C38EA;
					};
				};
			};
			buildConfigurationList = 5016B1992B8567E5008C38EA /* Build configuration list for PBXProject "Session01_API" */;
			compatibilityVersion = "Xcode 14.0";
			developmentRegion = en;
			hasScannedForEncodings = 0;
			knownRegions = (
				en,
				Base,
			);
			mainGroup = 5016B1952B8567E5008C38EA;
			productRefGroup = 5016B19F2B8567E5008C38EA /* Products */;
			projectDirPath = "";
			projectRoot = "";
			targets = (
				5016B19D2B8567E5008C38EA /* Session01_API */,
				5016B1AD2B8567E6008C38EA /* Session01_APITests */,
				5016B1B72B8567E6008C38EA /* Session01_APIUITests */,
			);
		};
/* End PBXProject section */

/* Begin PBXResourcesBuildPhase section */
		5016B19C2B8567E5008C38EA /* Resources */ = {
			isa = PBXResourcesBuildPhase;
			buildActionMask = 2147483647;
			files = (
				5016B1A92B8567E6008C38EA /* Preview Assets.xcassets in Resources */,
				5016B1A62B8567E6008C38EA /* Assets.xcassets in Resources */,
			);
			runOnlyForDeploymentPostprocessing = 0;
		};
		5016B1AC2B8567E6008C38EA /* Resources */ = {
			isa = PBXResourcesBuildPhase;
			buildActionMask = 2147483647;
			files = (
			);
			runOnlyForDeploymentPostprocessing = 0;
		};
		5016B1B62B8567E6008C38EA /* Resources */ = {
			isa = PBXResourcesBuildPhase;
			buildActionMask = 2147483647;
			files = (
			);
			runOnlyForDeploymentPostprocessing = 0;
		};
/* End PBXResourcesBuildPhase section */

/* Begin PBXSourcesBuildPhase section */
		5016B19A2B8567E5008C38EA /* Sources */ = {
			isa = PBXSourcesBuildPhase;
			buildActionMask = 2147483647;
			files = (
				5016B1A42B8567E5008C38EA /* ContentView.swift in Sources */,
				5016B1A22B8567E5008C38EA /* Session01_APIApp.swift in Sources */,
				5016B1CD2B8571EC008C38EA /* Digimon.swift in Sources */,
				5016B1D72B858173008C38EA /* UserView.swift in Sources */,
				5016B1D92B8582B4008C38EA /* UserResponse.swift in Sources */,
			);
			runOnlyForDeploymentPostprocessing = 0;
		};
		5016B1AA2B8567E6008C38EA /* Sources */ = {
			isa = PBXSourcesBuildPhase;
			buildActionMask = 2147483647;
			files = (
				5016B1B32B8567E6008C38EA /* Session01_APITests.swift in Sources */,
			);
			runOnlyForDeploymentPostprocessing = 0;
		};
		5016B1B42B8567E6008C38EA /* Sources */ = {
			isa = PBXSourcesBuildPhase;
			buildActionMask = 2147483647;
			files = (
				5016B1BD2B8567E6008C38EA /* Session01_APIUITests.swift in Sources */,
				5016B1BF2B8567E6008C38EA /* Session01_APIUITestsLaunchTests.swift in Sources */,
			);
			runOnlyForDeploymentPostprocessing = 0;
		};
/* End PBXSourcesBuildPhase section */

/* Begin PBXTargetDependency section */
		5016B1B02B8567E6008C38EA /* PBXTargetDependency */ = {
			isa = PBXTargetDependency;
			target = 5016B19D2B8567E5008C38EA /* Session01_API */;
			targetProxy = 5016B1AF2B8567E6008C38EA /* PBXContainerItemProxy */;
		};
		5016B1BA2B8567E6008C38EA /* PBXTargetDependency */ = {
			isa = PBXTargetDependency;
			target = 5016B19D2B8567E5008C38EA /* Session01_API */;
			targetProxy = 5016B1B92B8567E6008C38EA /* PBXContainerItemProxy */;
		};
/* End PBXTargetDependency section */

/* Begin XCBuildConfiguration section */
		5016B1C02B8567E6008C38EA /* Debug */ = {
			isa = XCBuildConfiguration;
			buildSettings = {
				ALWAYS_SEARCH_USER_PATHS = NO;
				ASSETCATALOG_COMPILER_GENERATE_SWIFT_ASSET_SYMBOL_EXTENSIONS = YES;
				CLANG_ANALYZER_NONNULL = YES;
				CLANG_ANALYZER_NUMBER_OBJECT_CONVERSION = YES_AGGRESSIVE;
				CLANG_CXX_LANGUAGE_STANDARD = "gnu++20";
				CLANG_ENABLE_MODULES = YES;
				CLANG_ENABLE_OBJC_ARC = YES;
				CLANG_ENABLE_OBJC_WEAK = YES;
				CLANG_WARN_BLOCK_CAPTURE_AUTORELEASING = YES;
				CLANG_WARN_BOOL_CONVERSION = YES;
				CLANG_WARN_COMMA = YES;
				CLANG_WARN_CONSTANT_CONVERSION = YES;
				CLANG_WARN_DEPRECATED_OBJC_IMPLEMENTATIONS = YES;
				CLANG_WARN_DIRECT_OBJC_ISA_USAGE = YES_ERROR;
				CLANG_WARN_DOCUMENTATION_COMMENTS = YES;
				CLANG_WARN_EMPTY_BODY = YES;
				CLANG_WARN_ENUM_CONVERSION = YES;
				CLANG_WARN_INFINITE_RECURSION = YES;
				CLANG_WARN_INT_CONVERSION = YES;
				CLANG_WARN_NON_LITERAL_NULL_CONVERSION = YES;
				CLANG_WARN_OBJC_IMPLICIT_RETAIN_SELF = YES;
				CLANG_WARN_OBJC_LITERAL_CONVERSION = YES;
				CLANG_WARN_OBJC_ROOT_CLASS = YES_ERROR;
				CLANG_WARN_QUOTED_INCLUDE_IN_FRAMEWORK_HEADER = YES;
				CLANG_WARN_RANGE_LOOP_ANALYSIS = YES;
				CLANG_WARN_STRICT_PROTOTYPES = YES;
				CLANG_WARN_SUSPICIOUS_MOVE = YES;
				CLANG_WARN_UNGUARDED_AVAILABILITY = YES_AGGRESSIVE;
				CLANG_WARN_UNREACHABLE_CODE = YES;
				CLANG_WARN__DUPLICATE_METHOD_MATCH = YES;
				COPY_PHASE_STRIP = NO;
				DEBUG_INFORMATION_FORMAT = dwarf;
				ENABLE_STRICT_OBJC_MSGSEND = YES;
				ENABLE_TESTABILITY = YES;
				ENABLE_USER_SCRIPT_SANDBOXING = YES;
				GCC_C_LANGUAGE_STANDARD = gnu17;
				GCC_DYNAMIC_NO_PIC = NO;
				GCC_NO_COMMON_BLOCKS = YES;
				GCC_OPTIMIZATION_LEVEL = 0;
				GCC_PREPROCESSOR_DEFINITIONS = (
					"DEBUG=1",
					"$(inherited)",
				);
				GCC_WARN_64_TO_32_BIT_CONVERSION = YES;
				GCC_WARN_ABOUT_RETURN_TYPE = YES_ERROR;
				GCC_WARN_UNDECLARED_SELECTOR = YES;
				GCC_WARN_UNINITIALIZED_AUTOS = YES_AGGRESSIVE;
				GCC_WARN_UNUSED_FUNCTION = YES;
				GCC_WARN_UNUSED_VARIABLE = YES;
				IPHONEOS_DEPLOYMENT_TARGET = 17.2;
				LOCALIZATION_PREFERS_STRING_CATALOGS = YES;
				MTL_ENABLE_DEBUG_INFO = INCLUDE_SOURCE;
				MTL_FAST_MATH = YES;
				ONLY_ACTIVE_ARCH = YES;
				SDKROOT = iphoneos;
				SWIFT_ACTIVE_COMPILATION_CONDITIONS = "DEBUG $(inherited)";
				SWIFT_OPTIMIZATION_LEVEL = "-Onone";
			};
			name = Debug;
		};
		5016B1C12B8567E6008C38EA /* Release */ = {
			isa = XCBuildConfiguration;
			buildSettings = {
				ALWAYS_SEARCH_USER_PATHS = NO;
				ASSETCATALOG_COMPILER_GENERATE_SWIFT_ASSET_SYMBOL_EXTENSIONS = YES;
				CLANG_ANALYZER_NONNULL = YES;
				CLANG_ANALYZER_NUMBER_OBJECT_CONVERSION = YES_AGGRESSIVE;
				CLANG_CXX_LANGUAGE_STANDARD = "gnu++20";
				CLANG_ENABLE_MODULES = YES;
				CLANG_ENABLE_OBJC_ARC = YES;
				CLANG_ENABLE_OBJC_WEAK = YES;
				CLANG_WARN_BLOCK_CAPTURE_AUTORELEASING = YES;
				CLANG_WARN_BOOL_CONVERSION = YES;
				CLANG_WARN_COMMA = YES;
				CLANG_WARN_CONSTANT_CONVERSION = YES;
				CLANG_WARN_DEPRECATED_OBJC_IMPLEMENTATIONS = YES;
				CLANG_WARN_DIRECT_OBJC_ISA_USAGE = YES_ERROR;
				CLANG_WARN_DOCUMENTATION_COMMENTS = YES;
				CLANG_WARN_EMPTY_BODY = YES;
				CLANG_WARN_ENUM_CONVERSION = YES;
				CLANG_WARN_INFINITE_RECURSION = YES;
				CLANG_WARN_INT_CONVERSION = YES;
				CLANG_WARN_NON_LITERAL_NULL_CONVERSION = YES;
				CLANG_WARN_OBJC_IMPLICIT_RETAIN_SELF = YES;
				CLANG_WARN_OBJC_LITERAL_CONVERSION = YES;
				CLANG_WARN_OBJC_ROOT_CLASS = YES_ERROR;
				CLANG_WARN_QUOTED_INCLUDE_IN_FRAMEWORK_HEADER = YES;
				CLANG_WARN_RANGE_LOOP_ANALYSIS = YES;
				CLANG_WARN_STRICT_PROTOTYPES = YES;
				CLANG_WARN_SUSPICIOUS_MOVE = YES;
				CLANG_WARN_UNGUARDED_AVAILABILITY = YES_AGGRESSIVE;
				CLANG_WARN_UNREACHABLE_CODE = YES;
				CLANG_WARN__DUPLICATE_METHOD_MATCH = YES;
				COPY_PHASE_STRIP = NO;
				DEBUG_INFORMATION_FORMAT = "dwarf-with-dsym";
				ENABLE_NS_ASSERTIONS = NO;
				ENABLE_STRICT_OBJC_MSGSEND = YES;
				ENABLE_USER_SCRIPT_SANDBOXING = YES;
				GCC_C_LANGUAGE_STANDARD = gnu17;
				GCC_NO_COMMON_BLOCKS = YES;
				GCC_WARN_64_TO_32_BIT_CONVERSION = YES;
				GCC_WARN_ABOUT_RETURN_TYPE = YES_ERROR;
				GCC_WARN_UNDECLARED_SELECTOR = YES;
				GCC_WARN_UNINITIALIZED_AUTOS = YES_AGGRESSIVE;
				GCC_WARN_UNUSED_FUNCTION = YES;
				GCC_WARN_UNUSED_VARIABLE = YES;
				IPHONEOS_DEPLOYMENT_TARGET = 17.2;
				LOCALIZATION_PREFERS_STRING_CATALOGS = YES;
				MTL_ENABLE_DEBUG_INFO = NO;
				MTL_FAST_MATH = YES;
				SDKROOT = iphoneos;
				SWIFT_COMPILATION_MODE = wholemodule;
				VALIDATE_PRODUCT = YES;
			};
			name = Release;
		};
		5016B1C32B8567E6008C38EA /* Debug */ = {
			isa = XCBuildConfiguration;
			buildSettings = {
				ASSETCATALOG_COMPILER_APPICON_NAME = AppIcon;
				ASSETCATALOG_COMPILER_GLOBAL_ACCENT_COLOR_NAME = AccentColor;
				CODE_SIGN_STYLE = Automatic;
				CURRENT_PROJECT_VERSION = 1;
				DEVELOPMENT_ASSET_PATHS = "\"Session01_API/Preview Content\"";
				DEVELOPMENT_TEAM = 827JZHP663;
				ENABLE_PREVIEWS = YES;
				GENERATE_INFOPLIST_FILE = YES;
				INFOPLIST_KEY_UIApplicationSceneManifest_Generation = YES;
				INFOPLIST_KEY_UIApplicationSupportsIndirectInputEvents = YES;
				INFOPLIST_KEY_UILaunchScreen_Generation = YES;
				INFOPLIST_KEY_UISupportedInterfaceOrientations_iPad = "UIInterfaceOrientationPortrait UIInterfaceOrientationPortraitUpsideDown UIInterfaceOrientationLandscapeLeft UIInterfaceOrientationLandscapeRight";
				INFOPLIST_KEY_UISupportedInterfaceOrientations_iPhone = "UIInterfaceOrientationPortrait UIInterfaceOrientationLandscapeLeft UIInterfaceOrientationLandscapeRight";
				LD_RUNPATH_SEARCH_PATHS = (
					"$(inherited)",
					"@executable_path/Frameworks",
				);
				MARKETING_VERSION = 1.0;
				PRODUCT_BUNDLE_IDENTIFIER = "com.gbc.Session01-API";
				PRODUCT_NAME = "$(TARGET_NAME)";
				SWIFT_EMIT_LOC_STRINGS = YES;
				SWIFT_VERSION = 5.0;
				TARGETED_DEVICE_FAMILY = "1,2";
			};
			name = Debug;
		};
		5016B1C42B8567E6008C38EA /* Release */ = {
			isa = XCBuildConfiguration;
			buildSettings = {
				ASSETCATALOG_COMPILER_APPICON_NAME = AppIcon;
				ASSETCATALOG_COMPILER_GLOBAL_ACCENT_COLOR_NAME = AccentColor;
				CODE_SIGN_STYLE = Automatic;
				CURRENT_PROJECT_VERSION = 1;
				DEVELOPMENT_ASSET_PATHS = "\"Session01_API/Preview Content\"";
				DEVELOPMENT_TEAM = 827JZHP663;
				ENABLE_PREVIEWS = YES;
				GENERATE_INFOPLIST_FILE = YES;
				INFOPLIST_KEY_UIApplicationSceneManifest_Generation = YES;
				INFOPLIST_KEY_UIApplicationSupportsIndirectInputEvents = YES;
				INFOPLIST_KEY_UILaunchScreen_Generation = YES;
				INFOPLIST_KEY_UISupportedInterfaceOrientations_iPad = "UIInterfaceOrientationPortrait UIInterfaceOrientationPortraitUpsideDown UIInterfaceOrientationLandscapeLeft UIInterfaceOrientationLandscapeRight";
				INFOPLIST_KEY_UISupportedInterfaceOrientations_iPhone = "UIInterfaceOrientationPortrait UIInterfaceOrientationLandscapeLeft UIInterfaceOrientationLandscapeRight";
				LD_RUNPATH_SEARCH_PATHS = (
					"$(inherited)",
					"@executable_path/Frameworks",
				);
				MARKETING_VERSION = 1.0;
				PRODUCT_BUNDLE_IDENTIFIER = "com.gbc.Session01-API";
				PRODUCT_NAME = "$(TARGET_NAME)";
				SWIFT_EMIT_LOC_STRINGS = YES;
				SWIFT_VERSION = 5.0;
				TARGETED_DEVICE_FAMILY = "1,2";
			};
			name = Release;
		};
		5016B1C62B8567E6008C38EA /* Debug */ = {
			isa = XCBuildConfiguration;
			buildSettings = {
				ALWAYS_EMBED_SWIFT_STANDARD_LIBRARIES = YES;
				BUNDLE_LOADER = "$(TEST_HOST)";
				CODE_SIGN_STYLE = Automatic;
				CURRENT_PROJECT_VERSION = 1;
				DEVELOPMENT_TEAM = 827JZHP663;
				GENERATE_INFOPLIST_FILE = YES;
				IPHONEOS_DEPLOYMENT_TARGET = 17.2;
				MARKETING_VERSION = 1.0;
				PRODUCT_BUNDLE_IDENTIFIER = "com.gbc.Session01-APITests";
				PRODUCT_NAME = "$(TARGET_NAME)";
				SWIFT_EMIT_LOC_STRINGS = NO;
				SWIFT_VERSION = 5.0;
				TARGETED_DEVICE_FAMILY = "1,2";
				TEST_HOST = "$(BUILT_PRODUCTS_DIR)/Session01_API.app/$(BUNDLE_EXECUTABLE_FOLDER_PATH)/Session01_API";
			};
			name = Debug;
		};
		5016B1C72B8567E6008C38EA /* Release */ = {
			isa = XCBuildConfiguration;
			buildSettings = {
				ALWAYS_EMBED_SWIFT_STANDARD_LIBRARIES = YES;
				BUNDLE_LOADER = "$(TEST_HOST)";
				CODE_SIGN_STYLE = Automatic;
				CURRENT_PROJECT_VERSION = 1;
				DEVELOPMENT_TEAM = 827JZHP663;
				GENERATE_INFOPLIST_FILE = YES;
				IPHONEOS_DEPLOYMENT_TARGET = 17.2;
				MARKETING_VERSION = 1.0;
				PRODUCT_BUNDLE_IDENTIFIER = "com.gbc.Session01-APITests";
				PRODUCT_NAME = "$(TARGET_NAME)";
				SWIFT_EMIT_LOC_STRINGS = NO;
				SWIFT_VERSION = 5.0;
				TARGETED_DEVICE_FAMILY = "1,2";
				TEST_HOST = "$(BUILT_PRODUCTS_DIR)/Session01_API.app/$(BUNDLE_EXECUTABLE_FOLDER_PATH)/Session01_API";
			};
			name = Release;
		};
		5016B1C92B8567E6008C38EA /* Debug */ = {
			isa = XCBuildConfiguration;
			buildSettings = {
				ALWAYS_EMBED_SWIFT_STANDARD_LIBRARIES = YES;
				CODE_SIGN_STYLE = Automatic;
				CURRENT_PROJECT_VERSION = 1;
				DEVELOPMENT_TEAM = 827JZHP663;
				GENERATE_INFOPLIST_FILE = YES;
				MARKETING_VERSION = 1.0;
				PRODUCT_BUNDLE_IDENTIFIER = "com.gbc.Session01-APIUITests";
				PRODUCT_NAME = "$(TARGET_NAME)";
				SWIFT_EMIT_LOC_STRINGS = NO;
				SWIFT_VERSION = 5.0;
				TARGETED_DEVICE_FAMILY = "1,2";
				TEST_TARGET_NAME = Session01_API;
			};
			name = Debug;
		};
		5016B1CA2B8567E6008C38EA /* Release */ = {
			isa = XCBuildConfiguration;
			buildSettings = {
				ALWAYS_EMBED_SWIFT_STANDARD_LIBRARIES = YES;
				CODE_SIGN_STYLE = Automatic;
				CURRENT_PROJECT_VERSION = 1;
				DEVELOPMENT_TEAM = 827JZHP663;
				GENERATE_INFOPLIST_FILE = YES;
				MARKETING_VERSION = 1.0;
				PRODUCT_BUNDLE_IDENTIFIER = "com.gbc.Session01-APIUITests";
				PRODUCT_NAME = "$(TARGET_NAME)";
				SWIFT_EMIT_LOC_STRINGS = NO;
				SWIFT_VERSION = 5.0;
				TARGETED_DEVICE_FAMILY = "1,2";
				TEST_TARGET_NAME = Session01_API;
			};
			name = Release;
		};
/* End XCBuildConfiguration section */

/* Begin XCConfigurationList section */
		5016B1992B8567E5008C38EA /* Build configuration list for PBXProject "Session01_API" */ = {
			isa = XCConfigurationList;
			buildConfigurations = (
				5016B1C02B8567E6008C38EA /* Debug */,
				5016B1C12B8567E6008C38EA /* Release */,
			);
			defaultConfigurationIsVisible = 0;
			defaultConfigurationName = Release;
		};
		5016B1C22B8567E6008C38EA /* Build configuration list for PBXNativeTarget "Session01_API" */ = {
			isa = XCConfigurationList;
			buildConfigurations = (
				5016B1C32B8567E6008C38EA /* Debug */,
				5016B1C42B8567E6008C38EA /* Release */,
			);
			defaultConfigurationIsVisible = 0;
			defaultConfigurationName = Release;
		};
		5016B1C52B8567E6008C38EA /* Build configuration list for PBXNativeTarget "Session01_APITests" */ = {
			isa = XCConfigurationList;
			buildConfigurations = (
				5016B1C62B8567E6008C38EA /* Debug */,
				5016B1C72B8567E6008C38EA /* Release */,
			);
			defaultConfigurationIsVisible = 0;
			defaultConfigurationName = Release;
		};
		5016B1C82B8567E6008C38EA /* Build configuration list for PBXNativeTarget "Session01_APIUITests" */ = {
			isa = XCConfigurationList;
			buildConfigurations = (
				5016B1C92B8567E6008C38EA /* Debug */,
				5016B1CA2B8567E6008C38EA /* Release */,
			);
			defaultConfigurationIsVisible = 0;
			defaultConfigurationName = Release;
		};
/* End XCConfigurationList section */
	};
	rootObject = 5016B1962B8567E5008C38EA /* Project object */;
}
